{
    "name": "gedit-oblivion-x-atom-one-light",
    "version": "0.1.0",
    "lockfileVersion": 2,
    "requires": true,
    "packages": {
        "": {
            "name": "gedit-oblivion-x-atom-one-light",
            "version": "0.1.0",
            "engines": {
                "vscode": "^1.68.0"
            }
        }
    }
}
